{
  "name": "udacity-cloud-developer-nd-proj-4",
  "lockfileVersion": 2,
  "requires": true,
  "packages": {
    "": {
      "devDependencies": {
        "serverless-iam-roles-per-function": "^3.2.0-e97ab49"
      }
    },
    "node_modules/lodash": {
      "version": "4.17.21",
      "resolved": "https://registry.npmjs.org/lodash/-/lodash-4.17.21.tgz",
      "integrity": "sha512-v2kDEe57lecTulaDIuNTPy3Ry4gLGJ6Z1O3vE1krgXZNrsQ+LFTGHVxVjcXPs17LhbZVGedAJv8XZ1tvj5FvSg==",
      "dev": true
    },
    "node_modules/serverless-iam-roles-per-function": {
      "version": "3.2.0-e97ab49",
      "resolved": "https://registry.npmjs.org/serverless-iam-roles-per-function/-/serverless-iam-roles-per-function-3.2.0-e97ab49.tgz",
      "integrity": "sha512-D4mFiqJxNb+IRep2wMm2uz8sSjdC61/t5VNqjOAVe1WYos2PnBS3+ttAQwUqAeQ7GGPNLajDMmaOPR18J8yCMg==",
      "dev": true,
      "dependencies": {
        "lodash": "^4.17.20"
      },
      "engines": {
        "node": ">=10"
      }
    }
  },
  "dependencies": {
    "lodash": {
      "version": "4.17.21",
      "resolved": "https://registry.npmjs.org/lodash/-/lodash-4.17.21.tgz",
      "integrity": "sha512-v2kDEe57lecTulaDIuNTPy3Ry4gLGJ6Z1O3vE1krgXZNrsQ+LFTGHVxVjcXPs17LhbZVGedAJv8XZ1tvj5FvSg==",
      "dev": true
    },
    "serverless-iam-roles-per-function": {
      "version": "3.2.0-e97ab49",
      "resolved": "https://registry.npmjs.org/serverless-iam-roles-per-function/-/serverless-iam-roles-per-function-3.2.0-e97ab49.tgz",
      "integrity": "sha512-D4mFiqJxNb+IRep2wMm2uz8sSjdC61/t5VNqjOAVe1WYos2PnBS3+ttAQwUqAeQ7GGPNLajDMmaOPR18J8yCMg==",
      "dev": true,
      "requires": {
        "lodash": "^4.17.20"
      }
    }
  }
}
